
Microsoft Visual Studio Solution File, Format Version 12.00
# Visual Studio Version 17
VisualStudioVersion = 17.4.33403.182
MinimumVisualStudioVersion = 10.0.40219.1
Project("{9A19103F-16F7-4668-BE54-9A1E7A4F7556}") = "DndCharacterGenerator", "DndCharacterGenerator\DndCharacterGenerator.csproj", "{B5EB45E5-D2E8-41AC-A13F-9820E974865A}"
EndProject
Global
	GlobalSection(SolutionConfigurationPlatforms) = preSolution
		Debug|Any CPU = Debug|Any CPU
		Release|Any CPU = Release|Any CPU
	EndGlobalSection
	GlobalSection(ProjectConfigurationPlatforms) = postSolution
		{B5EB45E5-D2E8-41AC-A13F-9820E974865A}.Debug|Any CPU.ActiveCfg = Debug|Any CPU
		{B5EB45E5-D2E8-41AC-A13F-9820E974865A}.Debug|Any CPU.Build.0 = Debug|Any CPU
		{B5EB45E5-D2E8-41AC-A13F-9820E974865A}.Release|Any CPU.ActiveCfg = Release|Any CPU
		{B5EB45E5-D2E8-41AC-A13F-9820E974865A}.Release|Any CPU.Build.0 = Release|Any CPU
	EndGlobalSection
	GlobalSection(SolutionProperties) = preSolution
		HideSolutionNode = FALSE
	EndGlobalSection
	GlobalSection(ExtensibilityGlobals) = postSolution
		SolutionGuid = {25D498E6-45EA-4C74-9EDA-3D78A2E379F6}
	EndGlobalSection
EndGlobal
